
Microsoft Visual Studio Solution File, Format Version 12.00
# Visual Studio Version 17
VisualStudioVersion = 17.8.34525.116
MinimumVisualStudioVersion = 10.0.40219.1
Project("{FAE04EC0-301F-11D3-BF4B-00C04F79EFBC}") = "pizzeriaS7L", "pizzeriaS7L\pizzeriaS7L.csproj", "{6EF3CAF0-26E3-4328-A49D-BB09090E4F8A}"
EndProject
Global
	GlobalSection(SolutionConfigurationPlatforms) = preSolution
		Debug|Any CPU = Debug|Any CPU
		Release|Any CPU = Release|Any CPU
	EndGlobalSection
	GlobalSection(ProjectConfigurationPlatforms) = postSolution
		{6EF3CAF0-26E3-4328-A49D-BB09090E4F8A}.Debug|Any CPU.ActiveCfg = Debug|Any CPU
		{6EF3CAF0-26E3-4328-A49D-BB09090E4F8A}.Debug|Any CPU.Build.0 = Debug|Any CPU
		{6EF3CAF0-26E3-4328-A49D-BB09090E4F8A}.Release|Any CPU.ActiveCfg = Release|Any CPU
		{6EF3CAF0-26E3-4328-A49D-BB09090E4F8A}.Release|Any CPU.Build.0 = Release|Any CPU
	EndGlobalSection
	GlobalSection(SolutionProperties) = preSolution
		HideSolutionNode = FALSE
	EndGlobalSection
	GlobalSection(ExtensibilityGlobals) = postSolution
		SolutionGuid = {3C9D7DE2-A6B9-42ED-8AFE-5EC5F873918C}
	EndGlobalSection
EndGlobal
